Microsoft Visual Studio Solution File, Format Version 12.00
# Visual Studio Version 17
VisualStudioVersion = 17.11.35219.272
MinimumVisualStudioVersion = 10.0.40219.1
Project("{2150E333-8FDC-42A3-9474-1A3956D46DE8}") = "src", "src", "{971AF695-5D06-4FEF-A4C0-E9B1FE394D35}"
EndProject
Project("{9A19103F-16F7-4668-BE54-9A1E7A4F7556}") = "DfE.GIAP.Web", "src\DfE.GIAP.Web\DfE.GIAP.Web.csproj", "{9F6FAD20-1A02-475A-B6DE-37040B8BE925}"
EndProject
Project("{9A19103F-16F7-4668-BE54-9A1E7A4F7556}") = "DfE.GIAP.Core", "src\DfE.GIAP.Core\DfE.GIAP.Core.csproj", "{86C09A01-6594-4E4B-909F-19E326855AFB}"
EndProject
Project("{2150E333-8FDC-42A3-9474-1A3956D46DE8}") = "tests", "tests", "{F4F1F2D7-154D-48C3-A42F-A2360D16E3E7}"
EndProject
Project("{9A19103F-16F7-4668-BE54-9A1E7A4F7556}") = "DfE.GIAP.Web.Tests", "tests\DfE.GIAP.Web.Tests\DfE.GIAP.Web.Tests.csproj", "{2BF44C52-6CC7-4635-81ED-2AC15868C317}"
EndProject
Project("{9A19103F-16F7-4668-BE54-9A1E7A4F7556}") = "DfE.GIAP.Core.UnitTests", "tests\DfE.GIAP.Core.UnitTests\DfE.GIAP.Core.UnitTests.csproj", "{49797341-F930-4976-ABBE-4354ED579ECB}"
EndProject
Project("{9A19103F-16F7-4668-BE54-9A1E7A4F7556}") = "DfE.GIAP.Core.IntegrationTests", "tests\DfE.GIAP.Core.IntegrationTests\DfE.GIAP.Core.IntegrationTests.csproj", "{34AF712D-4FC3-46E7-99F2-1912511DDD14}"
EndProject
Project("{9A19103F-16F7-4668-BE54-9A1E7A4F7556}") = "DfE.GIAP.SharedTests", "tests\DfE.GIAP.SharedTests\DfE.GIAP.SharedTests.csproj", "{AC4D6F4C-AA0E-4DB2-A2C6-944B1F7ABA90}"
EndProject
Project("{2150E333-8FDC-42A3-9474-1A3956D46DE8}") = "Solution Items", "Solution Items", "{551A2C37-80F5-4D10-AB1F-8F924623C66B}"
	ProjectSection(SolutionItems) = preProject
		..\.editorconfig = ..\.editorconfig
		Directory.Build.props = Directory.Build.props
		Directory.Packages.props = Directory.Packages.props
	EndProjectSection
EndProject
Project("{9A19103F-16F7-4668-BE54-9A1E7A4F7556}") = "DfE.GIAP.SharedTests.Infrastructure", "tests\DfE.GIAP.SharedTests.Infrastructure\DfE.GIAP.SharedTests.Infrastructure.csproj", "{16FA5A82-EF01-4103-B2C3-DBF8C5AE1CFB}"
EndProject
Global
	GlobalSection(SolutionConfigurationPlatforms) = preSolution
		Debug|Any CPU = Debug|Any CPU
		Release|Any CPU = Release|Any CPU
	EndGlobalSection
	GlobalSection(ProjectConfigurationPlatforms) = postSolution
		{9F6FAD20-1A02-475A-B6DE-37040B8BE925}.Debug|Any CPU.ActiveCfg = Debug|Any CPU
		{9F6FAD20-1A02-475A-B6DE-37040B8BE925}.Debug|Any CPU.Build.0 = Debug|Any CPU
		{9F6FAD20-1A02-475A-B6DE-37040B8BE925}.Release|Any CPU.ActiveCfg = Release|Any CPU
		{9F6FAD20-1A02-475A-B6DE-37040B8BE925}.Release|Any CPU.Build.0 = Release|Any CPU
		{86C09A01-6594-4E4B-909F-19E326855AFB}.Debug|Any CPU.ActiveCfg = Debug|Any CPU
		{86C09A01-6594-4E4B-909F-19E326855AFB}.Debug|Any CPU.Build.0 = Debug|Any CPU
		{86C09A01-6594-4E4B-909F-19E326855AFB}.Release|Any CPU.ActiveCfg = Release|Any CPU
		{86C09A01-6594-4E4B-909F-19E326855AFB}.Release|Any CPU.Build.0 = Release|Any CPU
		{2BF44C52-6CC7-4635-81ED-2AC15868C317}.Debug|Any CPU.ActiveCfg = Debug|Any CPU
		{2BF44C52-6CC7-4635-81ED-2AC15868C317}.Debug|Any CPU.Build.0 = Debug|Any CPU
		{2BF44C52-6CC7-4635-81ED-2AC15868C317}.Release|Any CPU.ActiveCfg = Release|Any CPU
		{2BF44C52-6CC7-4635-81ED-2AC15868C317}.Release|Any CPU.Build.0 = Release|Any CPU
		{49797341-F930-4976-ABBE-4354ED579ECB}.Debug|Any CPU.ActiveCfg = Debug|Any CPU
		{49797341-F930-4976-ABBE-4354ED579ECB}.Debug|Any CPU.Build.0 = Debug|Any CPU
		{49797341-F930-4976-ABBE-4354ED579ECB}.Release|Any CPU.ActiveCfg = Release|Any CPU
		{49797341-F930-4976-ABBE-4354ED579ECB}.Release|Any CPU.Build.0 = Release|Any CPU
		{34AF712D-4FC3-46E7-99F2-1912511DDD14}.Debug|Any CPU.ActiveCfg = Debug|Any CPU
		{34AF712D-4FC3-46E7-99F2-1912511DDD14}.Debug|Any CPU.Build.0 = Debug|Any CPU
		{34AF712D-4FC3-46E7-99F2-1912511DDD14}.Release|Any CPU.ActiveCfg = Release|Any CPU
		{34AF712D-4FC3-46E7-99F2-1912511DDD14}.Release|Any CPU.Build.0 = Release|Any CPU
		{AC4D6F4C-AA0E-4DB2-A2C6-944B1F7ABA90}.Debug|Any CPU.ActiveCfg = Debug|Any CPU
		{AC4D6F4C-AA0E-4DB2-A2C6-944B1F7ABA90}.Debug|Any CPU.Build.0 = Debug|Any CPU
		{AC4D6F4C-AA0E-4DB2-A2C6-944B1F7ABA90}.Release|Any CPU.ActiveCfg = Release|Any CPU
		{AC4D6F4C-AA0E-4DB2-A2C6-944B1F7ABA90}.Release|Any CPU.Build.0 = Release|Any CPU
		{16FA5A82-EF01-4103-B2C3-DBF8C5AE1CFB}.Debug|Any CPU.ActiveCfg = Debug|Any CPU
		{16FA5A82-EF01-4103-B2C3-DBF8C5AE1CFB}.Debug|Any CPU.Build.0 = Debug|Any CPU
		{16FA5A82-EF01-4103-B2C3-DBF8C5AE1CFB}.Release|Any CPU.ActiveCfg = Release|Any CPU
		{16FA5A82-EF01-4103-B2C3-DBF8C5AE1CFB}.Release|Any CPU.Build.0 = Release|Any CPU
	EndGlobalSection
	GlobalSection(SolutionProperties) = preSolution
		HideSolutionNode = FALSE
	EndGlobalSection
	GlobalSection(NestedProjects) = preSolution
		{9F6FAD20-1A02-475A-B6DE-37040B8BE925} = {971AF695-5D06-4FEF-A4C0-E9B1FE394D35}
		{86C09A01-6594-4E4B-909F-19E326855AFB} = {971AF695-5D06-4FEF-A4C0-E9B1FE394D35}
		{2BF44C52-6CC7-4635-81ED-2AC15868C317} = {F4F1F2D7-154D-48C3-A42F-A2360D16E3E7}
		{49797341-F930-4976-ABBE-4354ED579ECB} = {F4F1F2D7-154D-48C3-A42F-A2360D16E3E7}
		{34AF712D-4FC3-46E7-99F2-1912511DDD14} = {F4F1F2D7-154D-48C3-A42F-A2360D16E3E7}
		{AC4D6F4C-AA0E-4DB2-A2C6-944B1F7ABA90} = {F4F1F2D7-154D-48C3-A42F-A2360D16E3E7}
		{16FA5A82-EF01-4103-B2C3-DBF8C5AE1CFB} = {F4F1F2D7-154D-48C3-A42F-A2360D16E3E7}
	EndGlobalSection
	GlobalSection(ExtensibilityGlobals) = postSolution
		SolutionGuid = {E280A677-F7F5-4072-BB2D-777CAEF55DC1}
	EndGlobalSection
EndGlobal
