<Solution>
  <Folder Name="/Solution Items/">
    <File Path="../.editorconfig" />
    <File Path="Directory.Build.props" />
    <File Path="Directory.Packages.props" />
  </Folder>
  <Folder Name="/src/">
    <Project Path="src/DfE.GIAP.Core/DfE.GIAP.Core.csproj" />
    <Project Path="src/DfE.GIAP.Web/DfE.GIAP.Web.csproj" />
  </Folder>
  <Folder Name="/tests/">
    <Project Path="tests/DfE.GIAP.Core.IntegrationTests/DfE.GIAP.Core.IntegrationTests.csproj" />
    <Project Path="tests/DfE.GIAP.Core.UnitTests/DfE.GIAP.Core.UnitTests.csproj" />
    <Project Path="tests/DfE.GIAP.SharedTests.Infrastructure/DfE.GIAP.SharedTests.Infrastructure.csproj" />
    <Project Path="tests/DfE.GIAP.SharedTests/DfE.GIAP.SharedTests.csproj" />
    <Project Path="tests/DfE.GIAP.Web.Tests/DfE.GIAP.Web.Tests.csproj" />
  </Folder>
</Solution>
